{
  "nodes": {
    "fenix": {
      "inputs": {
        "nixpkgs": "nixpkgs",
        "rust-analyzer-src": "rust-analyzer-src"
      },
      "locked": {
        "lastModified": 1710051665,
        "narHash": "sha256-sMkEZ3Z5F23XqMEKrg8tHM64dXAO0GocFQkjO+OwQ+4=",
        "owner": "nix-community",
        "repo": "fenix",
        "rev": "cfb0b32fbd23ab5e9bcc1331c078a5b77921ff9e",
        "type": "github"
      },
      "original": {
        "owner": "nix-community",
        "repo": "fenix",
        "type": "github"
      }
    },
    "fenix_2": {
      "inputs": {
        "nixpkgs": [
          "mudrs-milk",
          "nixpkgs"
        ],
        "rust-analyzer-src": "rust-analyzer-src_2"
      },
      "locked": {
        "lastModified": 1671862898,
        "narHash": "sha256-uWExxLc7cHo1gBmVET/N157mtj8JPgy0cY8mZ8qBJEc=",
        "owner": "nix-community",
        "repo": "fenix",
        "rev": "df5825b50b784ea13753f08802ff12860afcfc99",
        "type": "github"
      },
      "original": {
        "owner": "nix-community",
        "repo": "fenix",
        "type": "github"
      }
    },
    "flake-compat": {
      "locked": {
        "lastModified": 1696426674,
        "narHash": "sha256-kvjfFW7WAETZlt09AgDn1MrtKzP7t90Vf7vypd3OL1U=",
        "rev": "0f9255e01c2351cc7d116c072cb317785dd33b33",
        "revCount": 57,
        "type": "tarball",
        "url": "https://api.flakehub.com/f/pinned/edolstra/flake-compat/1.0.1/018afb31-abd1-7bff-a5e4-cff7e18efb7a/source.tar.gz"
      },
      "original": {
        "type": "tarball",
        "url": "https://flakehub.com/f/edolstra/flake-compat/1.tar.gz"
      }
    },
    "flake-compat_2": {
      "flake": false,
      "locked": {
        "lastModified": 1673956053,
        "narHash": "sha256-4gtG9iQuiKITOjNQQeQIpoIB6b16fm+504Ch3sNKLd8=",
        "owner": "edolstra",
        "repo": "flake-compat",
        "rev": "35bb57c0c8d8b62bbfd284272c928ceb64ddbde9",
        "type": "github"
      },
      "original": {
        "owner": "edolstra",
        "repo": "flake-compat",
        "type": "github"
      }
    },
    "flake-utils": {
      "inputs": {
        "systems": "systems"
      },
      "locked": {
        "lastModified": 1709126324,
        "narHash": "sha256-q6EQdSeUZOG26WelxqkmR7kArjgWCdw5sfJVHPH/7j8=",
        "owner": "numtide",
        "repo": "flake-utils",
        "rev": "d465f4819400de7c8d874d50b982301f28a84605",
        "type": "github"
      },
      "original": {
        "id": "flake-utils",
        "type": "indirect"
      }
    },
    "flake-utils_2": {
      "locked": {
        "lastModified": 1667395993,
        "narHash": "sha256-nuEHfE/LcWyuSWnS8t12N1wc105Qtau+/OdUAjtQ0rA=",
        "owner": "numtide",
        "repo": "flake-utils",
        "rev": "5aed5285a952e0b949eb3ba02c12fa4fcfef535f",
        "type": "github"
      },
      "original": {
        "owner": "numtide",
        "repo": "flake-utils",
        "type": "github"
      }
    },
    "flake-utils_3": {
      "inputs": {
        "systems": "systems_2"
      },
      "locked": {
        "lastModified": 1705309234,
        "narHash": "sha256-uNRRNRKmJyCRC/8y1RqBkqWBLM034y4qN7EprSdmgyA=",
        "owner": "numtide",
        "repo": "flake-utils",
        "rev": "1ef2e671c3b0c19053962c07dbda38332dcebf26",
        "type": "github"
      },
      "original": {
        "id": "flake-utils",
        "type": "indirect"
      }
    },
    "home-manager": {
      "inputs": {
        "nixpkgs": [
          "nixpkgs"
        ]
      },
      "locked": {
        "lastModified": 1710043165,
        "narHash": "sha256-R34OB9q1JMqbIQlnuccWFGDYG0sWEALHxjL6kQGVR44=",
        "owner": "nix-community",
        "repo": "home-manager",
        "rev": "fbec89838763831bd92e1b09222dc9477942930f",
        "type": "github"
      },
      "original": {
        "owner": "nix-community",
        "repo": "home-manager",
        "type": "github"
      }
    },
    "mudrs-milk": {
      "inputs": {
        "fenix": "fenix_2",
        "flake-utils": "flake-utils_2",
        "naersk": "naersk",
        "nixpkgs": "nixpkgs_2"
      },
      "locked": {
        "lastModified": 1705200006,
        "narHash": "sha256-P49tLrbfe0iDljMnfdm1guH1LXiHSBLgtE2SLx1GXFw=",
        "owner": "mud-rs",
        "repo": "milk",
        "rev": "56f03874c577261f2c520461aebddd47c649ea30",
        "type": "gitlab"
      },
      "original": {
        "owner": "mud-rs",
        "ref": "main",
        "repo": "milk",
        "type": "gitlab"
      }
    },
    "naersk": {
      "inputs": {
        "nixpkgs": [
          "mudrs-milk",
          "nixpkgs"
        ]
      },
      "locked": {
        "lastModified": 1671096816,
        "narHash": "sha256-ezQCsNgmpUHdZANDCILm3RvtO1xH8uujk/+EqNvzIOg=",
        "owner": "nix-community",
        "repo": "naersk",
        "rev": "d998160d6a076cfe8f9741e56aeec7e267e3e114",
        "type": "github"
      },
      "original": {
        "owner": "nix-community",
        "repo": "naersk",
        "type": "github"
      }
    },
    "ngrok": {
      "inputs": {
        "flake-utils": "flake-utils_3",
        "nixpkgs": [
          "nixpkgs"
        ]
      },
      "locked": {
        "lastModified": 1709571169,
        "narHash": "sha256-MLCP6XfxxAtYZflpq/G7J5nofNF+D9fBSkTHXZ8ykpU=",
        "ref": "refs/heads/main",
        "rev": "96e8f58098c2c9838de573ebed7cb9c73e0f0062",
        "revCount": 17,
        "type": "git",
        "url": "ssh://git@github.com/ngrok/ngrok-nix"
      },
      "original": {
        "type": "git",
        "url": "ssh://git@github.com/ngrok/ngrok-nix"
      }
    },
    "nix-formatter-pack": {
      "inputs": {
        "nixpkgs": [
          "nix-on-droid",
          "nixpkgs"
        ],
        "nmd": "nmd",
        "nmt": "nmt"
      },
      "locked": {
        "lastModified": 1705252799,
        "narHash": "sha256-HgSTREh7VoXjGgNDwKQUYcYo13rPkltW7IitHrTPA5c=",
        "owner": "Gerschtli",
        "repo": "nix-formatter-pack",
        "rev": "2de39dedd79aab14c01b9e2934842051a160ffa5",
        "type": "github"
      },
      "original": {
        "owner": "Gerschtli",
        "repo": "nix-formatter-pack",
        "type": "github"
      }
    },
    "nix-on-droid": {
      "inputs": {
        "home-manager": [
          "home-manager"
        ],
        "nix-formatter-pack": "nix-formatter-pack",
        "nixpkgs": [
          "nixpkgs"
        ],
        "nixpkgs-docs": "nixpkgs-docs",
        "nixpkgs-for-bootstrap": "nixpkgs-for-bootstrap",
        "nmd": "nmd_2"
      },
      "locked": {
        "lastModified": 1709879753,
        "narHash": "sha256-zEpy3eweBus/cW/oRMBINps6Bnlazpa7TadonwWibHA=",
        "owner": "t184256",
        "repo": "nix-on-droid",
        "rev": "7b3cc6e3f9919b2d23003cfafb60c146c3f45793",
        "type": "github"
      },
      "original": {
        "owner": "t184256",
        "repo": "nix-on-droid",
        "type": "github"
      }
    },
    "nix-rpi5": {
      "inputs": {
        "flake-compat": "flake-compat",
        "nixpkgs": [
          "nixpkgs"
        ]
      },
      "locked": {
        "lastModified": 1704485878,
        "narHash": "sha256-i7UH31IZyil99EUB5qnQJAiszFkea1B1yZf5pQEDIYg=",
        "owner": "vriska",
        "repo": "nix-rpi5",
        "rev": "ac9942532e1dc2f825ad2aa3a6d31bfbd3b42eed",
        "type": "gitlab"
      },
      "original": {
        "owner": "vriska",
        "repo": "nix-rpi5",
        "type": "gitlab"
      }
    },
    "nix-vscode-extensions": {
      "inputs": {
        "flake-compat": "flake-compat_2",
        "flake-utils": [
          "flake-utils"
        ],
        "nixpkgs": [
          "nixpkgs"
        ]
      },
      "locked": {
        "lastModified": 1710033560,
        "narHash": "sha256-jLEVnMZBxZ/0ziOvzrM9t5NvrwYFvhWLG9lh+ZS6Hhs=",
        "owner": "nix-community",
        "repo": "nix-vscode-extensions",
        "rev": "25aca378639791d20fe0bd9bf0189130369447c1",
        "type": "github"
      },
      "original": {
        "owner": "nix-community",
        "repo": "nix-vscode-extensions",
        "type": "github"
      }
    },
    "nixos-hardware": {
      "locked": {
        "lastModified": 1709410583,
        "narHash": "sha256-esOSUoQ7mblwcsSea0K17McZuwAIjoS6dq/4b83+lvw=",
        "owner": "NixOS",
        "repo": "nixos-hardware",
        "rev": "59e37017b9ed31dee303dbbd4531c594df95cfbc",
        "type": "github"
      },
      "original": {
        "owner": "NixOS",
        "repo": "nixos-hardware",
        "type": "github"
      }
    },
    "nixpkgs": {
      "locked": {
        "lastModified": 1709703039,
        "narHash": "sha256-6hqgQ8OK6gsMu1VtcGKBxKQInRLHtzulDo9Z5jxHEFY=",
        "owner": "nixos",
        "repo": "nixpkgs",
        "rev": "9df3e30ce24fd28c7b3e2de0d986769db5d6225d",
        "type": "github"
      },
      "original": {
        "owner": "nixos",
        "ref": "nixos-unstable",
        "repo": "nixpkgs",
        "type": "github"
      }
    },
    "nixpkgs-docs": {
      "locked": {
        "lastModified": 1705957679,
        "narHash": "sha256-Q8LJaVZGJ9wo33wBafvZSzapYsjOaNjP/pOnSiKVGHY=",
        "owner": "NixOS",
        "repo": "nixpkgs",
        "rev": "9a333eaa80901efe01df07eade2c16d183761fa3",
        "type": "github"
      },
      "original": {
        "owner": "NixOS",
        "ref": "release-23.05",
        "repo": "nixpkgs",
        "type": "github"
      }
    },
    "nixpkgs-for-bootstrap": {
      "locked": {
        "lastModified": 1708105575,
        "narHash": "sha256-sS4AItZeUnAei6v8FqxNlm+/27MPlfoGym/TZP0rmH0=",
        "owner": "NixOS",
        "repo": "nixpkgs",
        "rev": "1d1817869c47682a6bee85b5b0a6537b6c0fba26",
        "type": "github"
      },
      "original": {
        "owner": "NixOS",
        "repo": "nixpkgs",
        "rev": "1d1817869c47682a6bee85b5b0a6537b6c0fba26",
        "type": "github"
      }
    },
    "nixpkgs-stable": {
      "locked": {
        "lastModified": 1710033658,
        "narHash": "sha256-yiZiVKP5Ya813iYLho2+CcFuuHpaqKc/CoxOlANKcqM=",
        "owner": "NixOS",
        "repo": "nixpkgs",
        "rev": "b17375d3bb7c79ffc52f3538028b2ec06eb79ef8",
        "type": "github"
      },
      "original": {
        "owner": "NixOS",
        "ref": "release-23.11",
        "repo": "nixpkgs",
        "type": "github"
      }
    },
    "nixpkgs_2": {
      "locked": {
        "lastModified": 1671848398,
        "narHash": "sha256-cJIIPd1kvCI6ne/S0facbiBNH7sZUzk405GfdSJPwZE=",
        "owner": "nixos",
        "repo": "nixpkgs",
        "rev": "bb0359be0a1a08c8d74412fe8c69aa2ffb3f477e",
        "type": "github"
      },
      "original": {
        "owner": "nixos",
        "ref": "nixpkgs-unstable",
        "repo": "nixpkgs",
        "type": "github"
      }
    },
    "nixpkgs_3": {
      "locked": {
        "lastModified": 1709703039,
        "narHash": "sha256-6hqgQ8OK6gsMu1VtcGKBxKQInRLHtzulDo9Z5jxHEFY=",
        "owner": "NixOS",
        "repo": "nixpkgs",
        "rev": "9df3e30ce24fd28c7b3e2de0d986769db5d6225d",
        "type": "github"
      },
      "original": {
        "owner": "NixOS",
        "ref": "nixos-unstable",
        "repo": "nixpkgs",
        "type": "github"
      }
    },
    "nmd": {
      "flake": false,
      "locked": {
        "lastModified": 1666190571,
        "narHash": "sha256-Z1hc7M9X6L+H83o9vOprijpzhTfOBjd0KmUTnpHAVjA=",
        "owner": "rycee",
        "repo": "nmd",
        "rev": "b75d312b4f33bd3294cd8ae5c2ca8c6da2afc169",
        "type": "gitlab"
      },
      "original": {
        "owner": "rycee",
        "repo": "nmd",
        "type": "gitlab"
      }
    },
    "nmd_2": {
      "inputs": {
        "nixpkgs": [
          "nix-on-droid",
          "nixpkgs-docs"
        ],
        "scss-reset": "scss-reset"
      },
      "locked": {
        "lastModified": 1705050560,
        "narHash": "sha256-x3zzcdvhJpodsmdjqB4t5mkVW22V3wqHLOun0KRBzUI=",
        "owner": "~rycee",
        "repo": "nmd",
        "rev": "66d9334933119c36f91a78d565c152a4fdc8d3d3",
        "type": "sourcehut"
      },
      "original": {
        "owner": "~rycee",
        "repo": "nmd",
        "type": "sourcehut"
      }
    },
    "nmt": {
      "flake": false,
      "locked": {
        "lastModified": 1648075362,
        "narHash": "sha256-u36WgzoA84dMVsGXzml4wZ5ckGgfnvS0ryzo/3zn/Pc=",
        "owner": "rycee",
        "repo": "nmt",
        "rev": "d83601002c99b78c89ea80e5e6ba21addcfe12ae",
        "type": "gitlab"
      },
      "original": {
        "owner": "rycee",
        "repo": "nmt",
        "type": "gitlab"
      }
    },
    "private": {
      "locked": {
        "lastModified": 1706275802,
        "narHash": "sha256-USqrObcpFw1fuWnX0vZr9KJJiHDv+Ok7RZaQydBwSyg=",
        "owner": "jrobsonchase",
        "repo": "nixos-config",
        "rev": "608d06c70a4c14bd91ab1ea8579bbe968eb6da45",
        "type": "github"
      },
      "original": {
        "id": "private",
        "type": "indirect"
      }
    },
    "root": {
      "inputs": {
        "fenix": "fenix",
        "flake-utils": "flake-utils",
        "home-manager": "home-manager",
        "mudrs-milk": "mudrs-milk",
        "ngrok": "ngrok",
        "nix-on-droid": "nix-on-droid",
        "nix-rpi5": "nix-rpi5",
        "nix-vscode-extensions": "nix-vscode-extensions",
        "nixos-hardware": "nixos-hardware",
        "nixpkgs": "nixpkgs_3",
        "private": "private",
        "sops-nix": "sops-nix"
      }
    },
    "rust-analyzer-src": {
      "flake": false,
      "locked": {
        "lastModified": 1709978501,
        "narHash": "sha256-NfeDjQZUrVb9hzBPcqO19s0p/zSOatD5ZK+J7rZiE3c=",
        "owner": "rust-lang",
        "repo": "rust-analyzer",
        "rev": "574e23ec508064613783cba3d1833a95fd9a5080",
        "type": "github"
      },
      "original": {
        "owner": "rust-lang",
        "ref": "nightly",
        "repo": "rust-analyzer",
        "type": "github"
      }
    },
    "rust-analyzer-src_2": {
      "flake": false,
      "locked": {
        "lastModified": 1671798464,
        "narHash": "sha256-UtpVOf6c6RVAImQMU1rSO4m7vJtTI7ewwOgM/xYbHDM=",
        "owner": "rust-lang",
        "repo": "rust-analyzer",
        "rev": "fb0db2a4202165cf501a755f4d12210043ffb90a",
        "type": "github"
      },
      "original": {
        "owner": "rust-lang",
        "ref": "nightly",
        "repo": "rust-analyzer",
        "type": "github"
      }
    },
    "scss-reset": {
      "flake": false,
      "locked": {
        "lastModified": 1631450058,
        "narHash": "sha256-muDlZJPtXDIGevSEWkicPP0HQ6VtucbkMNygpGlBEUM=",
        "owner": "andreymatin",
        "repo": "scss-reset",
        "rev": "0cf50e27a4e95e9bb5b1715eedf9c54dee1a5a91",
        "type": "github"
      },
      "original": {
        "owner": "andreymatin",
        "repo": "scss-reset",
        "type": "github"
      }
    },
    "sops-nix": {
      "inputs": {
        "nixpkgs": [
          "nixpkgs"
        ],
        "nixpkgs-stable": "nixpkgs-stable"
      },
      "locked": {
        "lastModified": 1710039806,
        "narHash": "sha256-vC2fo/phnetp6ub/nRv6mgAi5LbhJ6ujGQWrRD2VgNs=",
        "owner": "Mic92",
        "repo": "sops-nix",
        "rev": "f8d5c8baa83fe620a28c0db633be9db3e34474b4",
        "type": "github"
      },
      "original": {
        "owner": "Mic92",
        "repo": "sops-nix",
        "type": "github"
      }
    },
    "systems": {
      "locked": {
        "lastModified": 1681028828,
        "narHash": "sha256-Vy1rq5AaRuLzOxct8nz4T6wlgyUR7zLU309k9mBC768=",
        "owner": "nix-systems",
        "repo": "default",
        "rev": "da67096a3b9bf56a91d16901293e51ba5b49a27e",
        "type": "github"
      },
      "original": {
        "owner": "nix-systems",
        "repo": "default",
        "type": "github"
      }
    },
    "systems_2": {
      "locked": {
        "lastModified": 1681028828,
        "narHash": "sha256-Vy1rq5AaRuLzOxct8nz4T6wlgyUR7zLU309k9mBC768=",
        "owner": "nix-systems",
        "repo": "default",
        "rev": "da67096a3b9bf56a91d16901293e51ba5b49a27e",
        "type": "github"
      },
      "original": {
        "owner": "nix-systems",
        "repo": "default",
        "type": "github"
      }
    }
  },
  "root": "root",
  "version": 7
}
