{
  "nodes": {
    "cargo2nix": {
      "inputs": {
        "flake-utils": [
          "flake-utils"
        ],
        "nixpkgs": [
          "nixpkgs"
        ],
        "rust-overlay": [
          "rust-overlay"
        ]
      },
      "locked": {
        "lastModified": 1639287172,
        "narHash": "sha256-+8vX1SUiRIOAN2x0WConhL/O+rjoSi+sFxVEkaCCLQ0=",
        "owner": "cargo2nix",
        "repo": "cargo2nix",
        "rev": "e1591efe36f3549c39d4845341f9a994f31f660b",
        "type": "github"
      },
      "original": {
        "owner": "cargo2nix",
        "ref": "be-friendly-to-users",
        "repo": "cargo2nix",
        "type": "github"
      }
    },
    "flake-utils": {
      "locked": {
        "lastModified": 1638122382,
        "narHash": "sha256-sQzZzAbvKEqN9s0bzWuYmRaA03v40gaJ4+iL1LXjaeI=",
        "owner": "numtide",
        "repo": "flake-utils",
        "rev": "74f7e4319258e287b0f9cb95426c9853b282730b",
        "type": "github"
      },
      "original": {
        "owner": "numtide",
        "repo": "flake-utils",
        "type": "github"
      }
    },
    "home-manager": {
      "inputs": {
        "nixpkgs": [
          "nixpkgs"
        ]
      },
      "locked": {
        "lastModified": 1640592198,
        "narHash": "sha256-F5dWVGQMscmGyLTzNLocPB1v8Ijp8ONx8Nq9Dmi5PSw=",
        "owner": "nix-community",
        "repo": "home-manager",
        "rev": "0b197562ab7bf114dd5f6716f41d4b5be6ccd357",
        "type": "github"
      },
      "original": {
        "owner": "nix-community",
        "repo": "home-manager",
        "type": "github"
      }
    },
    "nixos": {
      "locked": {
        "lastModified": 1640540585,
        "narHash": "sha256-cCmknKFjWgam9jq+58wSd0Z4REia8mjBP65kXcL3ki8=",
        "owner": "NixOS",
        "repo": "nixpkgs",
        "rev": "ac169ec6371f0d835542db654a65e0f2feb07838",
        "type": "github"
      },
      "original": {
        "owner": "NixOS",
        "ref": "nixos-unstable",
        "repo": "nixpkgs",
        "type": "github"
      }
    },
    "nixos-hardware": {
      "locked": {
        "lastModified": 1640513880,
        "narHash": "sha256-dIJYjqGFqCBNh3iasE+6EHG/W96I0YK6ayjfazOVuE8=",
        "owner": "NixOS",
        "repo": "nixos-hardware",
        "rev": "2a76e1204f3a605f8d8d2f323671e1a295a5246d",
        "type": "github"
      },
      "original": {
        "owner": "NixOS",
        "repo": "nixos-hardware",
        "type": "github"
      }
    },
    "nixpkgs": {
      "locked": {
        "lastModified": 1640418986,
        "narHash": "sha256-a8GGtxn2iL3WAkY5H+4E0s3Q7XJt6bTOvos9qqxT5OQ=",
        "owner": "NixOS",
        "repo": "nixpkgs",
        "rev": "5c37ad87222cfc1ec36d6cd1364514a9efc2f7f2",
        "type": "github"
      },
      "original": {
        "owner": "NixOS",
        "ref": "nixpkgs-unstable",
        "repo": "nixpkgs",
        "type": "github"
      }
    },
    "nur": {
      "locked": {
        "lastModified": 1640664486,
        "narHash": "sha256-HhOFfuJkTSzMamFd1QJ8rFdHSxOxlb7phybUkbazObI=",
        "owner": "nix-community",
        "repo": "nur",
        "rev": "bd18169e3cd558063bd2bfae14f7bd3aea50a881",
        "type": "github"
      },
      "original": {
        "owner": "nix-community",
        "repo": "nur",
        "type": "github"
      }
    },
    "private": {
      "locked": {
        "dir": "private-dummy",
        "lastModified": 1640657127,
        "narHash": "sha256-0yao+hSt2Q9szzWmpvUnjyyv8jA4stNAD30WEx00QCU=",
        "ref": "main",
        "rev": "558083578a88ce10a651b37e03fcef7320cdc33e",
        "shallow": true,
        "type": "git",
        "url": "file:///builds/jrobsonchase/nixos-config?dir=private-dummy"
      },
      "original": {
        "id": "private",
        "type": "indirect"
      }
    },
    "root": {
      "inputs": {
        "cargo2nix": "cargo2nix",
        "flake-utils": "flake-utils",
        "home-manager": "home-manager",
        "nixos": "nixos",
        "nixos-hardware": "nixos-hardware",
        "nixpkgs": "nixpkgs",
        "nur": "nur",
        "private": "private",
        "rust-overlay": "rust-overlay",
        "tokio-console": "tokio-console"
      }
    },
    "rust-overlay": {
      "inputs": {
        "flake-utils": [
          "flake-utils"
        ],
        "nixpkgs": [
          "nixpkgs"
        ]
      },
      "locked": {
        "lastModified": 1640572736,
        "narHash": "sha256-SEp9Q3ZJiZjntDaZ6vc66aZrFhMlgiCqcUZQL2VisDQ=",
        "owner": "oxalica",
        "repo": "rust-overlay",
        "rev": "9ce4f45e4ed4ea9bb562e70bac92922e1687db13",
        "type": "github"
      },
      "original": {
        "owner": "oxalica",
        "repo": "rust-overlay",
        "type": "github"
      }
    },
    "tokio-console": {
      "inputs": {
        "flake-utils": [
          "flake-utils"
        ],
        "nixpkgs": [
          "nixpkgs"
        ]
      },
      "locked": {
        "lastModified": 1640298771,
        "narHash": "sha256-B93gBqEVdsvJOUj+s7Of3mYy8hN8yFT76oR0PSa+pAw=",
        "owner": "tokio-rs",
        "repo": "console",
        "rev": "ef5530311a7cc841c7b8fab3ca04711872943f3e",
        "type": "github"
      },
      "original": {
        "owner": "tokio-rs",
        "repo": "console",
        "type": "github"
      }
    }
  },
  "root": "root",
  "version": 7
}
