{
  "nodes": {
    "cargo2nix": {
      "inputs": {
        "flake-utils": [
          "flake-utils"
        ],
        "nixpkgs": [
          "nixpkgs"
        ],
        "rust-overlay": [
          "rust-overlay"
        ]
      },
      "locked": {
        "lastModified": 1639287172,
        "narHash": "sha256-+8vX1SUiRIOAN2x0WConhL/O+rjoSi+sFxVEkaCCLQ0=",
        "owner": "cargo2nix",
        "repo": "cargo2nix",
        "rev": "e1591efe36f3549c39d4845341f9a994f31f660b",
        "type": "github"
      },
      "original": {
        "owner": "cargo2nix",
        "ref": "be-friendly-to-users",
        "repo": "cargo2nix",
        "type": "github"
      }
    },
    "flake-utils": {
      "locked": {
        "lastModified": 1638122382,
        "narHash": "sha256-sQzZzAbvKEqN9s0bzWuYmRaA03v40gaJ4+iL1LXjaeI=",
        "owner": "numtide",
        "repo": "flake-utils",
        "rev": "74f7e4319258e287b0f9cb95426c9853b282730b",
        "type": "github"
      },
      "original": {
        "owner": "numtide",
        "repo": "flake-utils",
        "type": "github"
      }
    },
    "home-manager": {
      "inputs": {
        "nixpkgs": [
          "nixpkgs"
        ]
      },
      "locked": {
        "lastModified": 1640770690,
        "narHash": "sha256-Rl2cD8yspug7sPRXXJkVvmjLFS8i9g04iNDzohMEuyg=",
        "owner": "nix-community",
        "repo": "home-manager",
        "rev": "2f40cd05dc0ffe3ba69a94e9e76e0357c5b9a0b8",
        "type": "github"
      },
      "original": {
        "owner": "nix-community",
        "repo": "home-manager",
        "type": "github"
      }
    },
    "nix-on-droid": {
      "inputs": {
        "flake-utils": [
          "flake-utils"
        ],
        "home-manager": [
          "home-manager"
        ],
        "nixpkgs": [
          "nixpkgs"
        ]
      },
      "locked": {
        "lastModified": 1640119459,
        "narHash": "sha256-qgOw4xu1Ci4P8I4F09X3kxM9+jlfmGw4h3jufJi54C4=",
        "owner": "t184256",
        "repo": "nix-on-droid",
        "rev": "c1b61fc3404a2a60392b48fce1f36029349a1bfe",
        "type": "github"
      },
      "original": {
        "owner": "t184256",
        "repo": "nix-on-droid",
        "type": "github"
      }
    },
    "nixos": {
      "locked": {
        "lastModified": 1640540585,
        "narHash": "sha256-cCmknKFjWgam9jq+58wSd0Z4REia8mjBP65kXcL3ki8=",
        "owner": "NixOS",
        "repo": "nixpkgs",
        "rev": "ac169ec6371f0d835542db654a65e0f2feb07838",
        "type": "github"
      },
      "original": {
        "owner": "NixOS",
        "ref": "nixos-unstable",
        "repo": "nixpkgs",
        "type": "github"
      }
    },
    "nixos-hardware": {
      "locked": {
        "lastModified": 1640686209,
        "narHash": "sha256-6glXUlKRDhEhNuYx6r3fXU6KH2/Vq9mJZjB9oUpwrmc=",
        "owner": "NixOS",
        "repo": "nixos-hardware",
        "rev": "46df95ca81e7e4cf3458cdb4b7d1714b5fce9da5",
        "type": "github"
      },
      "original": {
        "owner": "NixOS",
        "repo": "nixos-hardware",
        "type": "github"
      }
    },
    "nixpkgs": {
      "locked": {
        "lastModified": 1640418986,
        "narHash": "sha256-a8GGtxn2iL3WAkY5H+4E0s3Q7XJt6bTOvos9qqxT5OQ=",
        "owner": "NixOS",
        "repo": "nixpkgs",
        "rev": "5c37ad87222cfc1ec36d6cd1364514a9efc2f7f2",
        "type": "github"
      },
      "original": {
        "owner": "NixOS",
        "ref": "nixpkgs-unstable",
        "repo": "nixpkgs",
        "type": "github"
      }
    },
    "nur": {
      "locked": {
        "lastModified": 1640837273,
        "narHash": "sha256-bYDenjYUR9S6ZCtniVWei51P4y9CnZ9Px2dR/PQzvfg=",
        "owner": "nix-community",
        "repo": "nur",
        "rev": "97a74d6ea8a34ea4096a4e7fb093d69479b0cef9",
        "type": "github"
      },
      "original": {
        "owner": "nix-community",
        "repo": "nur",
        "type": "github"
      }
    },
    "private": {
      "locked": {
        "dir": "private-dummy",
        "lastModified": 1640804626,
        "narHash": "sha256-ho/gALSEpyUK7b6zku5iuUJsowoKkKbbzUQYMZIypB4=",
        "ref": "main",
        "rev": "d54484a0cc2af0918e36795772b7a79f6c5ca610",
        "shallow": true,
        "type": "git",
        "url": "file:///builds/jrobsonchase/nixos-config?dir=private-dummy"
      },
      "original": {
        "id": "private",
        "type": "indirect"
      }
    },
    "root": {
      "inputs": {
        "cargo2nix": "cargo2nix",
        "flake-utils": "flake-utils",
        "home-manager": "home-manager",
        "nix-on-droid": "nix-on-droid",
        "nixos": "nixos",
        "nixos-hardware": "nixos-hardware",
        "nixpkgs": "nixpkgs",
        "nur": "nur",
        "private": "private",
        "rust-overlay": "rust-overlay",
        "tokio-console": "tokio-console"
      }
    },
    "rust-overlay": {
      "inputs": {
        "flake-utils": [
          "flake-utils"
        ],
        "nixpkgs": [
          "nixpkgs"
        ]
      },
      "locked": {
        "lastModified": 1640831874,
        "narHash": "sha256-uuAJIJPM9C4Uq7WcNcwNJTbahoGz0Wvjv4G71co+Jj8=",
        "owner": "oxalica",
        "repo": "rust-overlay",
        "rev": "be63b500e9b4b04c11111a744ef4f92068033276",
        "type": "github"
      },
      "original": {
        "owner": "oxalica",
        "repo": "rust-overlay",
        "type": "github"
      }
    },
    "tokio-console": {
      "inputs": {
        "flake-utils": [
          "flake-utils"
        ],
        "nixpkgs": [
          "nixpkgs"
        ]
      },
      "locked": {
        "lastModified": 1640723579,
        "narHash": "sha256-3SnHU596cVFavU747yeRncFkLyXChiDY8T07oWdE8hY=",
        "owner": "tokio-rs",
        "repo": "console",
        "rev": "095b1ef019942ab95ce1d424b3a3207b45098b3d",
        "type": "github"
      },
      "original": {
        "owner": "tokio-rs",
        "repo": "console",
        "type": "github"
      }
    }
  },
  "root": "root",
  "version": 7
}
